
Microsoft Visual Studio Solution File, Format Version 12.00
# Visual Studio Version 16
VisualStudioVersion = 16.0.30309.148
MinimumVisualStudioVersion = 10.0.40219.1
Project("{8BC9CEB8-8B4A-11D0-8D11-00A0C91BC942}") = "OptimizeFramework", "OptimizeFramework\OptimizeFramework.vcxproj", "{A9420E6D-1925-458C-8DB5-ED207EC9EE61}"
EndProject
Project("{8BC9CEB8-8B4A-11D0-8D11-00A0C91BC942}") = "HS071", "HS071\HS071.vcxproj", "{E563DCD6-598D-4BCF-A682-3B6B200A66A3}"
EndProject
Global
	GlobalSection(SolutionConfigurationPlatforms) = preSolution
		Debug|x64 = Debug|x64
		Debug|x86 = Debug|x86
		Release|x64 = Release|x64
		Release|x86 = Release|x86
	EndGlobalSection
	GlobalSection(ProjectConfigurationPlatforms) = postSolution
		{A9420E6D-1925-458C-8DB5-ED207EC9EE61}.Debug|x64.ActiveCfg = Debug|x64
		{A9420E6D-1925-458C-8DB5-ED207EC9EE61}.Debug|x64.Build.0 = Debug|x64
		{A9420E6D-1925-458C-8DB5-ED207EC9EE61}.Debug|x86.ActiveCfg = Debug|Win32
		{A9420E6D-1925-458C-8DB5-ED207EC9EE61}.Debug|x86.Build.0 = Debug|Win32
		{A9420E6D-1925-458C-8DB5-ED207EC9EE61}.Release|x64.ActiveCfg = Release|x64
		{A9420E6D-1925-458C-8DB5-ED207EC9EE61}.Release|x64.Build.0 = Release|x64
		{A9420E6D-1925-458C-8DB5-ED207EC9EE61}.Release|x86.ActiveCfg = Release|Win32
		{A9420E6D-1925-458C-8DB5-ED207EC9EE61}.Release|x86.Build.0 = Release|Win32
		{E563DCD6-598D-4BCF-A682-3B6B200A66A3}.Debug|x64.ActiveCfg = Debug|x64
		{E563DCD6-598D-4BCF-A682-3B6B200A66A3}.Debug|x64.Build.0 = Debug|x64
		{E563DCD6-598D-4BCF-A682-3B6B200A66A3}.Debug|x86.ActiveCfg = Debug|Win32
		{E563DCD6-598D-4BCF-A682-3B6B200A66A3}.Debug|x86.Build.0 = Debug|Win32
		{E563DCD6-598D-4BCF-A682-3B6B200A66A3}.Release|x64.ActiveCfg = Release|x64
		{E563DCD6-598D-4BCF-A682-3B6B200A66A3}.Release|x64.Build.0 = Release|x64
		{E563DCD6-598D-4BCF-A682-3B6B200A66A3}.Release|x86.ActiveCfg = Release|Win32
		{E563DCD6-598D-4BCF-A682-3B6B200A66A3}.Release|x86.Build.0 = Release|Win32
	EndGlobalSection
	GlobalSection(SolutionProperties) = preSolution
		HideSolutionNode = FALSE
	EndGlobalSection
	GlobalSection(ExtensibilityGlobals) = postSolution
		SolutionGuid = {8BC80A3F-97E9-4A30-91D9-06E905EC409D}
	EndGlobalSection
EndGlobal
